
Microsoft Visual Studio Solution File, Format Version 12.00
# Visual Studio Version 17
VisualStudioVersion = 17.5.002.0
MinimumVisualStudioVersion = 10.0.40219.1
Project("{2150E333-8FDC-42A3-9474-1A3956D46DE8}") = "Back", "Back", "{AB4FDA3E-4378-41A0-8D51-8B9BD324AEA7}"
EndProject
Project("{2150E333-8FDC-42A3-9474-1A3956D46DE8}") = "src", "src", "{E4DFCFDD-F9BF-45BE-A0A4-133264CE8882}"
EndProject
Project("{9A19103F-16F7-4668-BE54-9A1E7A4F7556}") = "ProEventos.API", "Back\src\ProEventos.API\ProEventos.API.csproj", "{BF76B352-4DA8-4D63-8984-F51EE33AE99B}"
EndProject
Global
	GlobalSection(SolutionConfigurationPlatforms) = preSolution
		Debug|Any CPU = Debug|Any CPU
		Release|Any CPU = Release|Any CPU
	EndGlobalSection
	GlobalSection(ProjectConfigurationPlatforms) = postSolution
		{BF76B352-4DA8-4D63-8984-F51EE33AE99B}.Debug|Any CPU.ActiveCfg = Debug|Any CPU
		{BF76B352-4DA8-4D63-8984-F51EE33AE99B}.Debug|Any CPU.Build.0 = Debug|Any CPU
		{BF76B352-4DA8-4D63-8984-F51EE33AE99B}.Release|Any CPU.ActiveCfg = Release|Any CPU
		{BF76B352-4DA8-4D63-8984-F51EE33AE99B}.Release|Any CPU.Build.0 = Release|Any CPU
	EndGlobalSection
	GlobalSection(SolutionProperties) = preSolution
		HideSolutionNode = FALSE
	EndGlobalSection
	GlobalSection(NestedProjects) = preSolution
		{E4DFCFDD-F9BF-45BE-A0A4-133264CE8882} = {AB4FDA3E-4378-41A0-8D51-8B9BD324AEA7}
		{BF76B352-4DA8-4D63-8984-F51EE33AE99B} = {E4DFCFDD-F9BF-45BE-A0A4-133264CE8882}
	EndGlobalSection
	GlobalSection(ExtensibilityGlobals) = postSolution
		SolutionGuid = {F555A641-62F3-4B50-B6C7-192617EDFB7A}
	EndGlobalSection
EndGlobal
